{
  "nodes": {
    "flake-compat": {
      "locked": {
        "lastModified": 1733328505,
        "narHash": "sha256-NeCCThCEP3eCl2l/+27kNNK7QrwZB1IJCrXfrbv5oqU=",
        "rev": "ff81ac966bb2cae68946d5ed5fc4994f96d0ffec",
        "revCount": 69,
        "type": "tarball",
        "url": "https://api.flakehub.com/f/pinned/edolstra/flake-compat/1.1.0/01948eb7-9cba-704f-bbf3-3fa956735b52/source.tar.gz"
      },
      "original": {
        "type": "tarball",
        "url": "https://flakehub.com/f/edolstra/flake-compat/1.tar.gz"
      }
    },
    "mini-tmpfiles": {
      "inputs": {
        "nixpkgs": [
          "nixpkgs"
        ]
      },
      "locked": {
        "lastModified": 1732341037,
        "narHash": "sha256-7XfLBNxPGe/LtydF9hkyJqgbmJH5nHP5oQsk/9UGgD0=",
        "owner": "nixos-bsd",
        "repo": "mini-tmpfiles",
        "rev": "838bc561f8a921c4eb9a3e752fafb07ebf49336d",
        "type": "github"
      },
      "original": {
        "owner": "nixos-bsd",
        "repo": "mini-tmpfiles",
        "type": "github"
      }
    },
    "nixpkgs": {
      "locked": {
        "lastModified": 1739558165,
        "narHash": "sha256-jPwGmVFVUJ5NXyWelUD3UlChl30TaMbSBv2RoqJNjQY=",
        "owner": "nixos-bsd",
        "repo": "nixpkgs",
        "rev": "0ec59fa2cc288df216bbf7d28521f5db274696ba",
        "type": "github"
      },
      "original": {
        "owner": "nixos-bsd",
        "ref": "nixbsd-dev-new",
        "repo": "nixpkgs",
        "type": "github"
      }
    },
    "root": {
      "inputs": {
        "flake-compat": "flake-compat",
        "mini-tmpfiles": "mini-tmpfiles",
        "nixpkgs": "nixpkgs"
      }
    }
  },
  "root": "root",
  "version": 7
}
